// !$*UTF8*$!
{
	archiveVersion = 1;
	classes = {
	};
	objectVersion = 50;
	objects = {

/* Begin PBXBuildFile section */
		1548438022623AC400C5D3C2 /* BaseFlowCoordinator.swift in Sources */ = {isa = PBXBuildFile; fileRef = 1548437F22623AC400C5D3C2 /* BaseFlowCoordinator.swift */; };
		1548438222623C4700C5D3C2 /* RootFlowCoordinator.swift in Sources */ = {isa = PBXBuildFile; fileRef = 1548438122623C4700C5D3C2 /* RootFlowCoordinator.swift */; };
		15C3DEE622AABEF000C8FF5F /* UIEdgeInsets+convenience.swift in Sources */ = {isa = PBXBuildFile; fileRef = 15C3DEE522AABEF000C8FF5F /* UIEdgeInsets+convenience.swift */; };
		15C3DEE822AAC34700C8FF5F /* UINavigationController+statusBarStyle.swift in Sources */ = {isa = PBXBuildFile; fileRef = 15C3DEE722AAC34700C8FF5F /* UINavigationController+statusBarStyle.swift */; };
		15C3DEED22AD4A2500C8FF5F /* PokemonMoveVersion.swift in Sources */ = {isa = PBXBuildFile; fileRef = 15C3DEEC22AD4A2500C8FF5F /* PokemonMoveVersion.swift */; };
		15C3DEEF22AD4AAC00C8FF5F /* MoveLearnMethod.swift in Sources */ = {isa = PBXBuildFile; fileRef = 15C3DEEE22AD4AAC00C8FF5F /* MoveLearnMethod.swift */; };
		15C3DEF222AD4C7A00C8FF5F /* VersionGroup.swift in Sources */ = {isa = PBXBuildFile; fileRef = 15C3DEF122AD4C7A00C8FF5F /* VersionGroup.swift */; };
		15C3DEF622AD538E00C8FF5F /* StatsView.swift in Sources */ = {isa = PBXBuildFile; fileRef = 15C3DEF522AD538E00C8FF5F /* StatsView.swift */; };
		2505EB4C21B5A86800B0484C /* TypeBadgeView.swift in Sources */ = {isa = PBXBuildFile; fileRef = 2505EB4B21B5A86800B0484C /* TypeBadgeView.swift */; };
		252052EC2186B2C40033B178 /* PokemonDetailsViewController.swift in Sources */ = {isa = PBXBuildFile; fileRef = 252052EB2186B2C40033B178 /* PokemonDetailsViewController.swift */; };
		252052EE2186B2D00033B178 /* PokemonDetailsView.swift in Sources */ = {isa = PBXBuildFile; fileRef = 252052ED2186B2D00033B178 /* PokemonDetailsView.swift */; };
		252167A22184D40D000DF70B /* Sprite.swift in Sources */ = {isa = PBXBuildFile; fileRef = 252167A12184D40D000DF70B /* Sprite.swift */; };
		252167A42184DA12000DF70B /* PokemonStat.swift in Sources */ = {isa = PBXBuildFile; fileRef = 252167A32184DA12000DF70B /* PokemonStat.swift */; };
		252167A62184DA23000DF70B /* Stat.swift in Sources */ = {isa = PBXBuildFile; fileRef = 252167A52184DA23000DF70B /* Stat.swift */; };
		252167A82184DF3B000DF70B /* PokemonType.swift in Sources */ = {isa = PBXBuildFile; fileRef = 252167A72184DF3B000DF70B /* PokemonType.swift */; };
		252167AB2184E112000DF70B /* NamedResource.swift in Sources */ = {isa = PBXBuildFile; fileRef = 252167AA2184E112000DF70B /* NamedResource.swift */; };
		252167AD2184E396000DF70B /* PokemonMove.swift in Sources */ = {isa = PBXBuildFile; fileRef = 252167AC2184E396000DF70B /* PokemonMove.swift */; };
		252167B02184EB3A000DF70B /* PokeApi.swift in Sources */ = {isa = PBXBuildFile; fileRef = 252167AF2184EB3A000DF70B /* PokeApi.swift */; };
		252167B32184EB55000DF70B /* Http.swift in Sources */ = {isa = PBXBuildFile; fileRef = 252167B22184EB55000DF70B /* Http.swift */; };
		252167B72184ED2A000DF70B /* Bootstrapper.swift in Sources */ = {isa = PBXBuildFile; fileRef = 252167B62184ED2A000DF70B /* Bootstrapper.swift */; };
		252167BA2184F1C2000DF70B /* PaginatedResources.swift in Sources */ = {isa = PBXBuildFile; fileRef = 252167B92184F1C2000DF70B /* PaginatedResources.swift */; };
		252167BC2184F222000DF70B /* Resource.swift in Sources */ = {isa = PBXBuildFile; fileRef = 252167BB2184F222000DF70B /* Resource.swift */; };
		252167BE2184F47E000DF70B /* PokemonListView.swift in Sources */ = {isa = PBXBuildFile; fileRef = 252167BD2184F47E000DF70B /* PokemonListView.swift */; };
		252167C12184F512000DF70B /* Stylesheet.swift in Sources */ = {isa = PBXBuildFile; fileRef = 252167C02184F512000DF70B /* Stylesheet.swift */; };
		252167C42184F56F000DF70B /* PokemonListCell.swift in Sources */ = {isa = PBXBuildFile; fileRef = 252167C32184F56F000DF70B /* PokemonListCell.swift */; };
		252167C72184FA69000DF70B /* UIView+geometry.swift in Sources */ = {isa = PBXBuildFile; fileRef = 252167C62184FA69000DF70B /* UIView+geometry.swift */; };
		252167C921850B22000DF70B /* UIImageView+async.swift in Sources */ = {isa = PBXBuildFile; fileRef = 252167C821850B22000DF70B /* UIImageView+async.swift */; };
		255594822184BEE400561774 /* Form.swift in Sources */ = {isa = PBXBuildFile; fileRef = 255594812184BEE400561774 /* Form.swift */; };
		255594842184C16600561774 /* Move.swift in Sources */ = {isa = PBXBuildFile; fileRef = 255594832184C16600561774 /* Move.swift */; };
		25D653752183DB110095665A /* AppDelegate.swift in Sources */ = {isa = PBXBuildFile; fileRef = 25D653742183DB110095665A /* AppDelegate.swift */; };
		25D653772183DB110095665A /* PokemonListViewController.swift in Sources */ = {isa = PBXBuildFile; fileRef = 25D653762183DB110095665A /* PokemonListViewController.swift */; };
		25D6537C2183DB130095665A /* Assets.xcassets in Resources */ = {isa = PBXBuildFile; fileRef = 25D6537B2183DB130095665A /* Assets.xcassets */; };
		25D6537F2183DB130095665A /* LaunchScreen.storyboard in Resources */ = {isa = PBXBuildFile; fileRef = 25D6537D2183DB130095665A /* LaunchScreen.storyboard */; };
		25D6538A2183DD610095665A /* Pokemon.swift in Sources */ = {isa = PBXBuildFile; fileRef = 25D653892183DD610095665A /* Pokemon.swift */; };
		25D6538C2183E2B10095665A /* PokemonAbility.swift in Sources */ = {isa = PBXBuildFile; fileRef = 25D6538B2183E2B10095665A /* PokemonAbility.swift */; };
		25E1530D21F3A7F200245E4E /* PokemonListFooter.swift in Sources */ = {isa = PBXBuildFile; fileRef = 25E1530C21F3A7F200245E4E /* PokemonListFooter.swift */; };
		25E1531021F4D97500245E4E /* BottomMenuViewController.swift in Sources */ = {isa = PBXBuildFile; fileRef = 25E1530F21F4D97500245E4E /* BottomMenuViewController.swift */; };
		25E1531221F4DA0E00245E4E /* BottomMenuView.swift in Sources */ = {isa = PBXBuildFile; fileRef = 25E1531121F4DA0E00245E4E /* BottomMenuView.swift */; };
		25E1531521F4E72800245E4E /* MenuHelper.swift in Sources */ = {isa = PBXBuildFile; fileRef = 25E1531421F4E72800245E4E /* MenuHelper.swift */; };
		25E1531721F4E77300245E4E /* BottomMenuAnimationController.swift in Sources */ = {isa = PBXBuildFile; fileRef = 25E1531621F4E77300245E4E /* BottomMenuAnimationController.swift */; };
		25E1531921F4E86000245E4E /* BottomMenuInteractor.swift in Sources */ = {isa = PBXBuildFile; fileRef = 25E1531821F4E86000245E4E /* BottomMenuInteractor.swift */; };
		25FD2630218BB68900083CA6 /* PokemonSpecies.swift in Sources */ = {isa = PBXBuildFile; fileRef = 25FD262F218BB68900083CA6 /* PokemonSpecies.swift */; };
		25FD2632218E0C0800083CA6 /* UnnamedResource.swift in Sources */ = {isa = PBXBuildFile; fileRef = 25FD2631218E0C0800083CA6 /* UnnamedResource.swift */; };
		25FD2635218E4F4900083CA6 /* EvolutionChain.swift in Sources */ = {isa = PBXBuildFile; fileRef = 25FD2634218E4F4900083CA6 /* EvolutionChain.swift */; };
		25FD2637218F327700083CA6 /* ChainLink.swift in Sources */ = {isa = PBXBuildFile; fileRef = 25FD2636218F327700083CA6 /* ChainLink.swift */; };
		25FD2639218F9F0B00083CA6 /* EvolutionDetail.swift in Sources */ = {isa = PBXBuildFile; fileRef = 25FD2638218F9F0B00083CA6 /* EvolutionDetail.swift */; };
		25FD263D218FA0F400083CA6 /* Item.swift in Sources */ = {isa = PBXBuildFile; fileRef = 25FD263C218FA0F400083CA6 /* Item.swift */; };
		25FD263F218FA49200083CA6 /* Data+jsonValue.swift in Sources */ = {isa = PBXBuildFile; fileRef = 25FD263E218FA49200083CA6 /* Data+jsonValue.swift */; };
		25FD2641218FA7EA00083CA6 /* Ability.swift in Sources */ = {isa = PBXBuildFile; fileRef = 25FD2640218FA7EA00083CA6 /* Ability.swift */; };
		25FD2643218FACBB00083CA6 /* Type.swift in Sources */ = {isa = PBXBuildFile; fileRef = 25FD2642218FACBB00083CA6 /* Type.swift */; };
		25FD2646218FAD3300083CA6 /* TypeRelations.swift in Sources */ = {isa = PBXBuildFile; fileRef = 25FD2645218FAD3300083CA6 /* TypeRelations.swift */; };
		25FD2648218FAED100083CA6 /* MoveDamageClass.swift in Sources */ = {isa = PBXBuildFile; fileRef = 25FD2647218FAED100083CA6 /* MoveDamageClass.swift */; };
		25FD264B218FB54C00083CA6 /* Name.swift in Sources */ = {isa = PBXBuildFile; fileRef = 25FD264A218FB54C00083CA6 /* Name.swift */; };
		25FD264D218FB5A100083CA6 /* Language.swift in Sources */ = {isa = PBXBuildFile; fileRef = 25FD264C218FB5A100083CA6 /* Language.swift */; };
		25FD264F218FB8AA00083CA6 /* TypePokemon.swift in Sources */ = {isa = PBXBuildFile; fileRef = 25FD264E218FB8AA00083CA6 /* TypePokemon.swift */; };
		25FD2652218FC3B000083CA6 /* AbilityFlavorText.swift in Sources */ = {isa = PBXBuildFile; fileRef = 25FD2651218FC3B000083CA6 /* AbilityFlavorText.swift */; };
		25FD26542190726E00083CA6 /* AsyncTask.swift in Sources */ = {isa = PBXBuildFile; fileRef = 25FD26532190726E00083CA6 /* AsyncTask.swift */; };
		25FD26562190751E00083CA6 /* TaskFactory.swift in Sources */ = {isa = PBXBuildFile; fileRef = 25FD26552190751E00083CA6 /* TaskFactory.swift */; };
		CB79EFC4C177CEEC214780E1 /* Pods_Pokedex.framework in Frameworks */ = {isa = PBXBuildFile; fileRef = CD5667917578A741BFA5821B /* Pods_Pokedex.framework */; };
/* End PBXBuildFile section */

/* Begin PBXFileReference section */
		1548437F22623AC400C5D3C2 /* BaseFlowCoordinator.swift */ = {isa = PBXFileReference; lastKnownFileType = sourcecode.swift; path = BaseFlowCoordinator.swift; sourceTree = "<group>"; };
		1548438122623C4700C5D3C2 /* RootFlowCoordinator.swift */ = {isa = PBXFileReference; lastKnownFileType = sourcecode.swift; path = RootFlowCoordinator.swift; sourceTree = "<group>"; };
		15C3DEE522AABEF000C8FF5F /* UIEdgeInsets+convenience.swift */ = {isa = PBXFileReference; lastKnownFileType = sourcecode.swift; path = "UIEdgeInsets+convenience.swift"; sourceTree = "<group>"; };
		15C3DEE722AAC34700C8FF5F /* UINavigationController+statusBarStyle.swift */ = {isa = PBXFileReference; lastKnownFileType = sourcecode.swift; path = "UINavigationController+statusBarStyle.swift"; sourceTree = "<group>"; };
		15C3DEEC22AD4A2500C8FF5F /* PokemonMoveVersion.swift */ = {isa = PBXFileReference; lastKnownFileType = sourcecode.swift; path = PokemonMoveVersion.swift; sourceTree = "<group>"; };
		15C3DEEE22AD4AAC00C8FF5F /* MoveLearnMethod.swift */ = {isa = PBXFileReference; lastKnownFileType = sourcecode.swift; path = MoveLearnMethod.swift; sourceTree = "<group>"; };
		15C3DEF122AD4C7A00C8FF5F /* VersionGroup.swift */ = {isa = PBXFileReference; lastKnownFileType = sourcecode.swift; path = VersionGroup.swift; sourceTree = "<group>"; };
		15C3DEF522AD538E00C8FF5F /* StatsView.swift */ = {isa = PBXFileReference; lastKnownFileType = sourcecode.swift; path = StatsView.swift; sourceTree = "<group>"; };
		2505EB4B21B5A86800B0484C /* TypeBadgeView.swift */ = {isa = PBXFileReference; lastKnownFileType = sourcecode.swift; path = TypeBadgeView.swift; sourceTree = "<group>"; };
		252052EB2186B2C40033B178 /* PokemonDetailsViewController.swift */ = {isa = PBXFileReference; lastKnownFileType = sourcecode.swift; path = PokemonDetailsViewController.swift; sourceTree = "<group>"; };
		252052ED2186B2D00033B178 /* PokemonDetailsView.swift */ = {isa = PBXFileReference; lastKnownFileType = sourcecode.swift; path = PokemonDetailsView.swift; sourceTree = "<group>"; };
		252167A12184D40D000DF70B /* Sprite.swift */ = {isa = PBXFileReference; lastKnownFileType = sourcecode.swift; path = Sprite.swift; sourceTree = "<group>"; };
		252167A32184DA12000DF70B /* PokemonStat.swift */ = {isa = PBXFileReference; lastKnownFileType = sourcecode.swift; path = PokemonStat.swift; sourceTree = "<group>"; };
		252167A52184DA23000DF70B /* Stat.swift */ = {isa = PBXFileReference; lastKnownFileType = sourcecode.swift; path = Stat.swift; sourceTree = "<group>"; };
		252167A72184DF3B000DF70B /* PokemonType.swift */ = {isa = PBXFileReference; lastKnownFileType = sourcecode.swift; path = PokemonType.swift; sourceTree = "<group>"; };
		252167AA2184E112000DF70B /* NamedResource.swift */ = {isa = PBXFileReference; lastKnownFileType = sourcecode.swift; path = NamedResource.swift; sourceTree = "<group>"; };
		252167AC2184E396000DF70B /* PokemonMove.swift */ = {isa = PBXFileReference; lastKnownFileType = sourcecode.swift; path = PokemonMove.swift; sourceTree = "<group>"; };
		252167AF2184EB3A000DF70B /* PokeApi.swift */ = {isa = PBXFileReference; lastKnownFileType = sourcecode.swift; path = PokeApi.swift; sourceTree = "<group>"; };
		252167B22184EB55000DF70B /* Http.swift */ = {isa = PBXFileReference; lastKnownFileType = sourcecode.swift; path = Http.swift; sourceTree = "<group>"; };
		252167B62184ED2A000DF70B /* Bootstrapper.swift */ = {isa = PBXFileReference; lastKnownFileType = sourcecode.swift; path = Bootstrapper.swift; sourceTree = "<group>"; };
		252167B92184F1C2000DF70B /* PaginatedResources.swift */ = {isa = PBXFileReference; lastKnownFileType = sourcecode.swift; path = PaginatedResources.swift; sourceTree = "<group>"; };
		252167BB2184F222000DF70B /* Resource.swift */ = {isa = PBXFileReference; lastKnownFileType = sourcecode.swift; path = Resource.swift; sourceTree = "<group>"; };
		252167BD2184F47E000DF70B /* PokemonListView.swift */ = {isa = PBXFileReference; lastKnownFileType = sourcecode.swift; path = PokemonListView.swift; sourceTree = "<group>"; };
		252167C02184F512000DF70B /* Stylesheet.swift */ = {isa = PBXFileReference; lastKnownFileType = sourcecode.swift; path = Stylesheet.swift; sourceTree = "<group>"; };
		252167C32184F56F000DF70B /* PokemonListCell.swift */ = {isa = PBXFileReference; lastKnownFileType = sourcecode.swift; path = PokemonListCell.swift; sourceTree = "<group>"; };
		252167C62184FA69000DF70B /* UIView+geometry.swift */ = {isa = PBXFileReference; lastKnownFileType = sourcecode.swift; path = "UIView+geometry.swift"; sourceTree = "<group>"; };
		252167C821850B22000DF70B /* UIImageView+async.swift */ = {isa = PBXFileReference; lastKnownFileType = sourcecode.swift; path = "UIImageView+async.swift"; sourceTree = "<group>"; };
		255594812184BEE400561774 /* Form.swift */ = {isa = PBXFileReference; lastKnownFileType = sourcecode.swift; path = Form.swift; sourceTree = "<group>"; };
		255594832184C16600561774 /* Move.swift */ = {isa = PBXFileReference; lastKnownFileType = sourcecode.swift; path = Move.swift; sourceTree = "<group>"; };
		25D653712183DB110095665A /* Pokedex.app */ = {isa = PBXFileReference; explicitFileType = wrapper.application; includeInIndex = 0; path = Pokedex.app; sourceTree = BUILT_PRODUCTS_DIR; };
		25D653742183DB110095665A /* AppDelegate.swift */ = {isa = PBXFileReference; lastKnownFileType = sourcecode.swift; path = AppDelegate.swift; sourceTree = "<group>"; };
		25D653762183DB110095665A /* PokemonListViewController.swift */ = {isa = PBXFileReference; lastKnownFileType = sourcecode.swift; path = PokemonListViewController.swift; sourceTree = "<group>"; };
		25D6537B2183DB130095665A /* Assets.xcassets */ = {isa = PBXFileReference; lastKnownFileType = folder.assetcatalog; path = Assets.xcassets; sourceTree = "<group>"; };
		25D6537E2183DB130095665A /* Base */ = {isa = PBXFileReference; lastKnownFileType = file.storyboard; name = Base; path = Base.lproj/LaunchScreen.storyboard; sourceTree = "<group>"; };
		25D653802183DB130095665A /* Info.plist */ = {isa = PBXFileReference; lastKnownFileType = text.plist.xml; path = Info.plist; sourceTree = "<group>"; };
		25D653892183DD610095665A /* Pokemon.swift */ = {isa = PBXFileReference; lastKnownFileType = sourcecode.swift; path = Pokemon.swift; sourceTree = "<group>"; };
		25D6538B2183E2B10095665A /* PokemonAbility.swift */ = {isa = PBXFileReference; lastKnownFileType = sourcecode.swift; path = PokemonAbility.swift; sourceTree = "<group>"; };
		25E1530C21F3A7F200245E4E /* PokemonListFooter.swift */ = {isa = PBXFileReference; lastKnownFileType = sourcecode.swift; path = PokemonListFooter.swift; sourceTree = "<group>"; };
		25E1530F21F4D97500245E4E /* BottomMenuViewController.swift */ = {isa = PBXFileReference; lastKnownFileType = sourcecode.swift; path = BottomMenuViewController.swift; sourceTree = "<group>"; };
		25E1531121F4DA0E00245E4E /* BottomMenuView.swift */ = {isa = PBXFileReference; lastKnownFileType = sourcecode.swift; path = BottomMenuView.swift; sourceTree = "<group>"; };
		25E1531421F4E72800245E4E /* MenuHelper.swift */ = {isa = PBXFileReference; lastKnownFileType = sourcecode.swift; path = MenuHelper.swift; sourceTree = "<group>"; };
		25E1531621F4E77300245E4E /* BottomMenuAnimationController.swift */ = {isa = PBXFileReference; lastKnownFileType = sourcecode.swift; path = BottomMenuAnimationController.swift; sourceTree = "<group>"; };
		25E1531821F4E86000245E4E /* BottomMenuInteractor.swift */ = {isa = PBXFileReference; lastKnownFileType = sourcecode.swift; path = BottomMenuInteractor.swift; sourceTree = "<group>"; };
		25FD262F218BB68900083CA6 /* PokemonSpecies.swift */ = {isa = PBXFileReference; lastKnownFileType = sourcecode.swift; path = PokemonSpecies.swift; sourceTree = "<group>"; };
		25FD2631218E0C0800083CA6 /* UnnamedResource.swift */ = {isa = PBXFileReference; lastKnownFileType = sourcecode.swift; path = UnnamedResource.swift; sourceTree = "<group>"; };
		25FD2634218E4F4900083CA6 /* EvolutionChain.swift */ = {isa = PBXFileReference; lastKnownFileType = sourcecode.swift; path = EvolutionChain.swift; sourceTree = "<group>"; };
		25FD2636218F327700083CA6 /* ChainLink.swift */ = {isa = PBXFileReference; lastKnownFileType = sourcecode.swift; path = ChainLink.swift; sourceTree = "<group>"; };
		25FD2638218F9F0B00083CA6 /* EvolutionDetail.swift */ = {isa = PBXFileReference; lastKnownFileType = sourcecode.swift; path = EvolutionDetail.swift; sourceTree = "<group>"; };
		25FD263C218FA0F400083CA6 /* Item.swift */ = {isa = PBXFileReference; lastKnownFileType = sourcecode.swift; path = Item.swift; sourceTree = "<group>"; };
		25FD263E218FA49200083CA6 /* Data+jsonValue.swift */ = {isa = PBXFileReference; lastKnownFileType = sourcecode.swift; path = "Data+jsonValue.swift"; sourceTree = "<group>"; };
		25FD2640218FA7EA00083CA6 /* Ability.swift */ = {isa = PBXFileReference; lastKnownFileType = sourcecode.swift; path = Ability.swift; sourceTree = "<group>"; };
		25FD2642218FACBB00083CA6 /* Type.swift */ = {isa = PBXFileReference; lastKnownFileType = sourcecode.swift; path = Type.swift; sourceTree = "<group>"; };
		25FD2645218FAD3300083CA6 /* TypeRelations.swift */ = {isa = PBXFileReference; lastKnownFileType = sourcecode.swift; path = TypeRelations.swift; sourceTree = "<group>"; };
		25FD2647218FAED100083CA6 /* MoveDamageClass.swift */ = {isa = PBXFileReference; lastKnownFileType = sourcecode.swift; path = MoveDamageClass.swift; sourceTree = "<group>"; };
		25FD264A218FB54C00083CA6 /* Name.swift */ = {isa = PBXFileReference; lastKnownFileType = sourcecode.swift; path = Name.swift; sourceTree = "<group>"; };
		25FD264C218FB5A100083CA6 /* Language.swift */ = {isa = PBXFileReference; lastKnownFileType = sourcecode.swift; path = Language.swift; sourceTree = "<group>"; };
		25FD264E218FB8AA00083CA6 /* TypePokemon.swift */ = {isa = PBXFileReference; lastKnownFileType = sourcecode.swift; path = TypePokemon.swift; sourceTree = "<group>"; };
		25FD2651218FC3B000083CA6 /* AbilityFlavorText.swift */ = {isa = PBXFileReference; lastKnownFileType = sourcecode.swift; path = AbilityFlavorText.swift; sourceTree = "<group>"; };
		25FD26532190726E00083CA6 /* AsyncTask.swift */ = {isa = PBXFileReference; lastKnownFileType = sourcecode.swift; path = AsyncTask.swift; sourceTree = "<group>"; };
		25FD26552190751E00083CA6 /* TaskFactory.swift */ = {isa = PBXFileReference; lastKnownFileType = sourcecode.swift; path = TaskFactory.swift; sourceTree = "<group>"; };
		36BB39D16D022B975A6964FA /* Pods-Pokedex.debug.xcconfig */ = {isa = PBXFileReference; includeInIndex = 1; lastKnownFileType = text.xcconfig; name = "Pods-Pokedex.debug.xcconfig"; path = "Pods/Target Support Files/Pods-Pokedex/Pods-Pokedex.debug.xcconfig"; sourceTree = "<group>"; };
		8C09988CE3170B0D11B41855 /* Pods-Pokedex.release.xcconfig */ = {isa = PBXFileReference; includeInIndex = 1; lastKnownFileType = text.xcconfig; name = "Pods-Pokedex.release.xcconfig"; path = "Pods/Target Support Files/Pods-Pokedex/Pods-Pokedex.release.xcconfig"; sourceTree = "<group>"; };
		CD5667917578A741BFA5821B /* Pods_Pokedex.framework */ = {isa = PBXFileReference; explicitFileType = wrapper.framework; includeInIndex = 0; path = Pods_Pokedex.framework; sourceTree = BUILT_PRODUCTS_DIR; };
/* End PBXFileReference section */

/* Begin PBXFrameworksBuildPhase section */
		25D6536E2183DB110095665A /* Frameworks */ = {
			isa = PBXFrameworksBuildPhase;
			buildActionMask = 2147483647;
			files = (
				CB79EFC4C177CEEC214780E1 /* Pods_Pokedex.framework in Frameworks */,
			);
			runOnlyForDeploymentPostprocessing = 0;
		};
/* End PBXFrameworksBuildPhase section */

/* Begin PBXGroup section */
		1548437E22623AAE00C5D3C2 /* Base */ = {
			isa = PBXGroup;
			children = (
				1548437F22623AC400C5D3C2 /* BaseFlowCoordinator.swift */,
			);
			path = Base;
			sourceTree = "<group>";
		};
		15C3DEEB22AD4A0400C8FF5F /* Move */ = {
			isa = PBXGroup;
			children = (
				252167AC2184E396000DF70B /* PokemonMove.swift */,
				15C3DEEC22AD4A2500C8FF5F /* PokemonMoveVersion.swift */,
			);
			path = Move;
			sourceTree = "<group>";
		};
		15C3DEF022AD4C7000C8FF5F /* Games */ = {
			isa = PBXGroup;
			children = (
				15C3DEF122AD4C7A00C8FF5F /* VersionGroup.swift */,
			);
			path = Games;
			sourceTree = "<group>";
		};
		15C3DEF322AD51FA00C8FF5F /* Stat */ = {
			isa = PBXGroup;
			children = (
				252167A32184DA12000DF70B /* PokemonStat.swift */,
				252167A52184DA23000DF70B /* Stat.swift */,
			);
			path = Stat;
			sourceTree = "<group>";
		};
		15C3DEF422AD538000C8FF5F /* Subviews */ = {
			isa = PBXGroup;
			children = (
				15C3DEF522AD538E00C8FF5F /* StatsView.swift */,
			);
			path = Subviews;
			sourceTree = "<group>";
		};
		2505EB4A21B5A85F00B0484C /* Common */ = {
			isa = PBXGroup;
			children = (
				2505EB4B21B5A86800B0484C /* TypeBadgeView.swift */,
			);
			path = Common;
			sourceTree = "<group>";
		};
		252052EA2186B2B00033B178 /* PokemonDetails */ = {
			isa = PBXGroup;
			children = (
				15C3DEF422AD538000C8FF5F /* Subviews */,
				252052EB2186B2C40033B178 /* PokemonDetailsViewController.swift */,
				252052ED2186B2D00033B178 /* PokemonDetailsView.swift */,
			);
			path = PokemonDetails;
			sourceTree = "<group>";
		};
		252167A92184E0F4000DF70B /* Resources */ = {
			isa = PBXGroup;
			children = (
				15C3DEF022AD4C7000C8FF5F /* Games */,
				25FD2649218FB02C00083CA6 /* Miscs */,
				25FD263B218FA0E900083CA6 /* Item */,
				25FD263A218FA08900083CA6 /* Move */,
				25FD2633218E4F2E00083CA6 /* Evolution */,
				255594802184BED600561774 /* Pokemon */,
			);
			path = Resources;
			sourceTree = "<group>";
		};
		252167AE2184EB2D000DF70B /* Http */ = {
			isa = PBXGroup;
			children = (
				252167B22184EB55000DF70B /* Http.swift */,
				25FD26532190726E00083CA6 /* AsyncTask.swift */,
				25FD26552190751E00083CA6 /* TaskFactory.swift */,
			);
			path = Http;
			sourceTree = "<group>";
		};
		252167B12184EB40000DF70B /* Services */ = {
			isa = PBXGroup;
			children = (
				252167AF2184EB3A000DF70B /* PokeApi.swift */,
			);
			path = Services;
			sourceTree = "<group>";
		};
		252167B42184ECD7000DF70B /* Classes */ = {
			isa = PBXGroup;
			children = (
				25D653862183DD300095665A /* Domain */,
				252167C52184FA0D000DF70B /* Helpers */,
				25D653872183DD370095665A /* UI */,
				25D653742183DB110095665A /* AppDelegate.swift */,
				252167B62184ED2A000DF70B /* Bootstrapper.swift */,
			);
			path = Classes;
			sourceTree = "<group>";
		};
		252167B52184ECDC000DF70B /* Resources */ = {
			isa = PBXGroup;
			children = (
				25D6537B2183DB130095665A /* Assets.xcassets */,
				25D6537D2183DB130095665A /* LaunchScreen.storyboard */,
			);
			path = Resources;
			sourceTree = "<group>";
		};
		252167BF2184F48A000DF70B /* PokemonList */ = {
			isa = PBXGroup;
			children = (
				25E1530E21F4D84000245E4E /* BottomMenu */,
				252167C22184F564000DF70B /* Subviews */,
				25D653762183DB110095665A /* PokemonListViewController.swift */,
				252167BD2184F47E000DF70B /* PokemonListView.swift */,
			);
			path = PokemonList;
			sourceTree = "<group>";
		};
		252167C22184F564000DF70B /* Subviews */ = {
			isa = PBXGroup;
			children = (
				252167C32184F56F000DF70B /* PokemonListCell.swift */,
				25E1530C21F3A7F200245E4E /* PokemonListFooter.swift */,
			);
			path = Subviews;
			sourceTree = "<group>";
		};
		252167C52184FA0D000DF70B /* Helpers */ = {
			isa = PBXGroup;
			children = (
				252167C62184FA69000DF70B /* UIView+geometry.swift */,
				252167C821850B22000DF70B /* UIImageView+async.swift */,
				25FD263E218FA49200083CA6 /* Data+jsonValue.swift */,
				15C3DEE522AABEF000C8FF5F /* UIEdgeInsets+convenience.swift */,
				15C3DEE722AAC34700C8FF5F /* UINavigationController+statusBarStyle.swift */,
			);
			path = Helpers;
			sourceTree = "<group>";
		};
		255594802184BED600561774 /* Pokemon */ = {
			isa = PBXGroup;
			children = (
				15C3DEF322AD51FA00C8FF5F /* Stat */,
				15C3DEEB22AD4A0400C8FF5F /* Move */,
				25FD2650218FC39B00083CA6 /* Ability */,
				25FD2644218FAD2100083CA6 /* Type */,
				255594812184BEE400561774 /* Form.swift */,
				25D653892183DD610095665A /* Pokemon.swift */,
				252167A12184D40D000DF70B /* Sprite.swift */,
				25FD262F218BB68900083CA6 /* PokemonSpecies.swift */,
			);
			path = Pokemon;
			sourceTree = "<group>";
		};
		25D653682183DB110095665A = {
			isa = PBXGroup;
			children = (
				25D653732183DB110095665A /* Pokedex */,
				25D653722183DB110095665A /* Products */,
				C51E5D299E280620109B8B5E /* Pods */,
				87D9A9A31A0B9162168D0A94 /* Frameworks */,
			);
			sourceTree = "<group>";
		};
		25D653722183DB110095665A /* Products */ = {
			isa = PBXGroup;
			children = (
				25D653712183DB110095665A /* Pokedex.app */,
			);
			name = Products;
			sourceTree = "<group>";
		};
		25D653732183DB110095665A /* Pokedex */ = {
			isa = PBXGroup;
			children = (
				25D653802183DB130095665A /* Info.plist */,
				252167B52184ECDC000DF70B /* Resources */,
				252167B42184ECD7000DF70B /* Classes */,
			);
			path = Pokedex;
			sourceTree = "<group>";
		};
		25D653862183DD300095665A /* Domain */ = {
			isa = PBXGroup;
			children = (
				252167B12184EB40000DF70B /* Services */,
				252167AE2184EB2D000DF70B /* Http */,
				25D653882183DD400095665A /* Models */,
			);
			path = Domain;
			sourceTree = "<group>";
		};
		25D653872183DD370095665A /* UI */ = {
			isa = PBXGroup;
			children = (
				1548437E22623AAE00C5D3C2 /* Base */,
				2505EB4A21B5A85F00B0484C /* Common */,
				252052EA2186B2B00033B178 /* PokemonDetails */,
				252167BF2184F48A000DF70B /* PokemonList */,
				252167C02184F512000DF70B /* Stylesheet.swift */,
				1548438122623C4700C5D3C2 /* RootFlowCoordinator.swift */,
			);
			path = UI;
			sourceTree = "<group>";
		};
		25D653882183DD400095665A /* Models */ = {
			isa = PBXGroup;
			children = (
				252167A92184E0F4000DF70B /* Resources */,
				252167AA2184E112000DF70B /* NamedResource.swift */,
				252167BB2184F222000DF70B /* Resource.swift */,
				252167B92184F1C2000DF70B /* PaginatedResources.swift */,
				25FD2631218E0C0800083CA6 /* UnnamedResource.swift */,
			);
			path = Models;
			sourceTree = "<group>";
		};
		25E1530E21F4D84000245E4E /* BottomMenu */ = {
			isa = PBXGroup;
			children = (
				25E1531321F4E71900245E4E /* Animation */,
				25E1530F21F4D97500245E4E /* BottomMenuViewController.swift */,
				25E1531121F4DA0E00245E4E /* BottomMenuView.swift */,
			);
			path = BottomMenu;
			sourceTree = "<group>";
		};
		25E1531321F4E71900245E4E /* Animation */ = {
			isa = PBXGroup;
			children = (
				25E1531421F4E72800245E4E /* MenuHelper.swift */,
				25E1531621F4E77300245E4E /* BottomMenuAnimationController.swift */,
				25E1531821F4E86000245E4E /* BottomMenuInteractor.swift */,
			);
			path = Animation;
			sourceTree = "<group>";
		};
		25FD2633218E4F2E00083CA6 /* Evolution */ = {
			isa = PBXGroup;
			children = (
				25FD2634218E4F4900083CA6 /* EvolutionChain.swift */,
				25FD2636218F327700083CA6 /* ChainLink.swift */,
				25FD2638218F9F0B00083CA6 /* EvolutionDetail.swift */,
			);
			path = Evolution;
			sourceTree = "<group>";
		};
		25FD263A218FA08900083CA6 /* Move */ = {
			isa = PBXGroup;
			children = (
				255594832184C16600561774 /* Move.swift */,
				25FD2647218FAED100083CA6 /* MoveDamageClass.swift */,
				15C3DEEE22AD4AAC00C8FF5F /* MoveLearnMethod.swift */,
			);
			path = Move;
			sourceTree = "<group>";
		};
		25FD263B218FA0E900083CA6 /* Item */ = {
			isa = PBXGroup;
			children = (
				25FD263C218FA0F400083CA6 /* Item.swift */,
			);
			path = Item;
			sourceTree = "<group>";
		};
		25FD2644218FAD2100083CA6 /* Type */ = {
			isa = PBXGroup;
			children = (
				252167A72184DF3B000DF70B /* PokemonType.swift */,
				25FD2642218FACBB00083CA6 /* Type.swift */,
				25FD2645218FAD3300083CA6 /* TypeRelations.swift */,
				25FD264E218FB8AA00083CA6 /* TypePokemon.swift */,
			);
			path = Type;
			sourceTree = "<group>";
		};
		25FD2649218FB02C00083CA6 /* Miscs */ = {
			isa = PBXGroup;
			children = (
				25FD264A218FB54C00083CA6 /* Name.swift */,
				25FD264C218FB5A100083CA6 /* Language.swift */,
			);
			path = Miscs;
			sourceTree = "<group>";
		};
		25FD2650218FC39B00083CA6 /* Ability */ = {
			isa = PBXGroup;
			children = (
				25D6538B2183E2B10095665A /* PokemonAbility.swift */,
				25FD2640218FA7EA00083CA6 /* Ability.swift */,
				25FD2651218FC3B000083CA6 /* AbilityFlavorText.swift */,
			);
			path = Ability;
			sourceTree = "<group>";
		};
		87D9A9A31A0B9162168D0A94 /* Frameworks */ = {
			isa = PBXGroup;
			children = (
				CD5667917578A741BFA5821B /* Pods_Pokedex.framework */,
			);
			name = Frameworks;
			sourceTree = "<group>";
		};
		C51E5D299E280620109B8B5E /* Pods */ = {
			isa = PBXGroup;
			children = (
				36BB39D16D022B975A6964FA /* Pods-Pokedex.debug.xcconfig */,
				8C09988CE3170B0D11B41855 /* Pods-Pokedex.release.xcconfig */,
			);
			name = Pods;
			sourceTree = "<group>";
		};
/* End PBXGroup section */

/* Begin PBXNativeTarget section */
		25D653702183DB110095665A /* Pokedex */ = {
			isa = PBXNativeTarget;
			buildConfigurationList = 25D653832183DB130095665A /* Build configuration list for PBXNativeTarget "Pokedex" */;
			buildPhases = (
				74DE9AA9687971EE06D2B8FE /* [CP] Check Pods Manifest.lock */,
				25D6536D2183DB110095665A /* Sources */,
				25D6536E2183DB110095665A /* Frameworks */,
				25D6536F2183DB110095665A /* Resources */,
				44EDE9BF240054B18862A665 /* [CP] Embed Pods Frameworks */,
			);
			buildRules = (
			);
			dependencies = (
			);
			name = Pokedex;
			productName = Pokedex;
			productReference = 25D653712183DB110095665A /* Pokedex.app */;
			productType = "com.apple.product-type.application";
		};
/* End PBXNativeTarget section */

/* Begin PBXProject section */
		25D653692183DB110095665A /* Project object */ = {
			isa = PBXProject;
			attributes = {
				LastSwiftUpdateCheck = 0930;
				LastUpgradeCheck = 0930;
				ORGANIZATIONNAME = "Francis Beauchamp";
				TargetAttributes = {
					25D653702183DB110095665A = {
						CreatedOnToolsVersion = 9.3;
					};
				};
			};
			buildConfigurationList = 25D6536C2183DB110095665A /* Build configuration list for PBXProject "Pokedex" */;
			compatibilityVersion = "Xcode 9.3";
			developmentRegion = en;
			hasScannedForEncodings = 0;
			knownRegions = (
				en,
				Base,
			);
			mainGroup = 25D653682183DB110095665A;
			productRefGroup = 25D653722183DB110095665A /* Products */;
			projectDirPath = "";
			projectRoot = "";
			targets = (
				25D653702183DB110095665A /* Pokedex */,
			);
		};
/* End PBXProject section */

/* Begin PBXResourcesBuildPhase section */
		25D6536F2183DB110095665A /* Resources */ = {
			isa = PBXResourcesBuildPhase;
			buildActionMask = 2147483647;
			files = (
				25D6537F2183DB130095665A /* LaunchScreen.storyboard in Resources */,
				25D6537C2183DB130095665A /* Assets.xcassets in Resources */,
			);
			runOnlyForDeploymentPostprocessing = 0;
		};
/* End PBXResourcesBuildPhase section */

/* Begin PBXShellScriptBuildPhase section */
		44EDE9BF240054B18862A665 /* [CP] Embed Pods Frameworks */ = {
			isa = PBXShellScriptBuildPhase;
			buildActionMask = 2147483647;
			files = (
			);
			inputPaths = (
				"${SRCROOT}/Pods/Target Support Files/Pods-Pokedex/Pods-Pokedex-frameworks.sh",
				"${BUILT_PRODUCTS_DIR}/PinLayout/PinLayout.framework",
				"${BUILT_PRODUCTS_DIR}/SwiftyJSON/SwiftyJSON.framework",
			);
			name = "[CP] Embed Pods Frameworks";
			outputPaths = (
				"${TARGET_BUILD_DIR}/${FRAMEWORKS_FOLDER_PATH}/PinLayout.framework",
				"${TARGET_BUILD_DIR}/${FRAMEWORKS_FOLDER_PATH}/SwiftyJSON.framework",
			);
			runOnlyForDeploymentPostprocessing = 0;
			shellPath = /bin/sh;
			shellScript = "\"${SRCROOT}/Pods/Target Support Files/Pods-Pokedex/Pods-Pokedex-frameworks.sh\"\n";
			showEnvVarsInLog = 0;
		};
		74DE9AA9687971EE06D2B8FE /* [CP] Check Pods Manifest.lock */ = {
			isa = PBXShellScriptBuildPhase;
			buildActionMask = 2147483647;
			files = (
			);
			inputPaths = (
				"${PODS_PODFILE_DIR_PATH}/Podfile.lock",
				"${PODS_ROOT}/Manifest.lock",
			);
			name = "[CP] Check Pods Manifest.lock";
			outputPaths = (
				"$(DERIVED_FILE_DIR)/Pods-Pokedex-checkManifestLockResult.txt",
			);
			runOnlyForDeploymentPostprocessing = 0;
			shellPath = /bin/sh;
			shellScript = "diff \"${PODS_PODFILE_DIR_PATH}/Podfile.lock\" \"${PODS_ROOT}/Manifest.lock\" > /dev/null\nif [ $? != 0 ] ; then\n    # print error to STDERR\n    echo \"error: The sandbox is not in sync with the Podfile.lock. Run 'pod install' or update your CocoaPods installation.\" >&2\n    exit 1\nfi\n# This output is used by Xcode 'outputs' to avoid re-running this script phase.\necho \"SUCCESS\" > \"${SCRIPT_OUTPUT_FILE_0}\"\n";
			showEnvVarsInLog = 0;
		};
/* End PBXShellScriptBuildPhase section */

/* Begin PBXSourcesBuildPhase section */
		25D6536D2183DB110095665A /* Sources */ = {
			isa = PBXSourcesBuildPhase;
			buildActionMask = 2147483647;
			files = (
				252167B02184EB3A000DF70B /* PokeApi.swift in Sources */,
				252167C42184F56F000DF70B /* PokemonListCell.swift in Sources */,
				252167AD2184E396000DF70B /* PokemonMove.swift in Sources */,
				252167A62184DA23000DF70B /* Stat.swift in Sources */,
				252167A42184DA12000DF70B /* PokemonStat.swift in Sources */,
				1548438022623AC400C5D3C2 /* BaseFlowCoordinator.swift in Sources */,
				25FD2643218FACBB00083CA6 /* Type.swift in Sources */,
				25FD264B218FB54C00083CA6 /* Name.swift in Sources */,
				15C3DEF222AD4C7A00C8FF5F /* VersionGroup.swift in Sources */,
				25D653772183DB110095665A /* PokemonListViewController.swift in Sources */,
				25FD2648218FAED100083CA6 /* MoveDamageClass.swift in Sources */,
				1548438222623C4700C5D3C2 /* RootFlowCoordinator.swift in Sources */,
				15C3DEF622AD538E00C8FF5F /* StatsView.swift in Sources */,
				25FD26542190726E00083CA6 /* AsyncTask.swift in Sources */,
				25FD263F218FA49200083CA6 /* Data+jsonValue.swift in Sources */,
				15C3DEE822AAC34700C8FF5F /* UINavigationController+statusBarStyle.swift in Sources */,
				25D653752183DB110095665A /* AppDelegate.swift in Sources */,
				25E1531221F4DA0E00245E4E /* BottomMenuView.swift in Sources */,
				252167C72184FA69000DF70B /* UIView+geometry.swift in Sources */,
				25FD2635218E4F4900083CA6 /* EvolutionChain.swift in Sources */,
				255594822184BEE400561774 /* Form.swift in Sources */,
				25E1531721F4E77300245E4E /* BottomMenuAnimationController.swift in Sources */,
				25FD2652218FC3B000083CA6 /* AbilityFlavorText.swift in Sources */,
				25E1530D21F3A7F200245E4E /* PokemonListFooter.swift in Sources */,
				25FD263D218FA0F400083CA6 /* Item.swift in Sources */,
				252052EC2186B2C40033B178 /* PokemonDetailsViewController.swift in Sources */,
				15C3DEED22AD4A2500C8FF5F /* PokemonMoveVersion.swift in Sources */,
				25FD2637218F327700083CA6 /* ChainLink.swift in Sources */,
				25FD264F218FB8AA00083CA6 /* TypePokemon.swift in Sources */,
				25FD2632218E0C0800083CA6 /* UnnamedResource.swift in Sources */,
				15C3DEE622AABEF000C8FF5F /* UIEdgeInsets+convenience.swift in Sources */,
				25D6538C2183E2B10095665A /* PokemonAbility.swift in Sources */,
				25FD2646218FAD3300083CA6 /* TypeRelations.swift in Sources */,
				25FD2639218F9F0B00083CA6 /* EvolutionDetail.swift in Sources */,
				252167A22184D40D000DF70B /* Sprite.swift in Sources */,
				252167C921850B22000DF70B /* UIImageView+async.swift in Sources */,
				252052EE2186B2D00033B178 /* PokemonDetailsView.swift in Sources */,
				25FD26562190751E00083CA6 /* TaskFactory.swift in Sources */,
				252167A82184DF3B000DF70B /* PokemonType.swift in Sources */,
				25FD264D218FB5A100083CA6 /* Language.swift in Sources */,
				252167C12184F512000DF70B /* Stylesheet.swift in Sources */,
				25FD2641218FA7EA00083CA6 /* Ability.swift in Sources */,
				252167AB2184E112000DF70B /* NamedResource.swift in Sources */,
				252167BA2184F1C2000DF70B /* PaginatedResources.swift in Sources */,
				15C3DEEF22AD4AAC00C8FF5F /* MoveLearnMethod.swift in Sources */,
				255594842184C16600561774 /* Move.swift in Sources */,
				252167B72184ED2A000DF70B /* Bootstrapper.swift in Sources */,
				2505EB4C21B5A86800B0484C /* TypeBadgeView.swift in Sources */,
				25E1531021F4D97500245E4E /* BottomMenuViewController.swift in Sources */,
				25D6538A2183DD610095665A /* Pokemon.swift in Sources */,
				25E1531921F4E86000245E4E /* BottomMenuInteractor.swift in Sources */,
				252167B32184EB55000DF70B /* Http.swift in Sources */,
				25E1531521F4E72800245E4E /* MenuHelper.swift in Sources */,
				252167BE2184F47E000DF70B /* PokemonListView.swift in Sources */,
				25FD2630218BB68900083CA6 /* PokemonSpecies.swift in Sources */,
				252167BC2184F222000DF70B /* Resource.swift in Sources */,
			);
			runOnlyForDeploymentPostprocessing = 0;
		};
/* End PBXSourcesBuildPhase section */

/* Begin PBXVariantGroup section */
		25D6537D2183DB130095665A /* LaunchScreen.storyboard */ = {
			isa = PBXVariantGroup;
			children = (
				25D6537E2183DB130095665A /* Base */,
			);
			name = LaunchScreen.storyboard;
			sourceTree = "<group>";
		};
/* End PBXVariantGroup section */

/* Begin XCBuildConfiguration section */
		25D653812183DB130095665A /* Debug */ = {
			isa = XCBuildConfiguration;
			buildSettings = {
				ALWAYS_SEARCH_USER_PATHS = NO;
				CLANG_ANALYZER_NONNULL = YES;
				CLANG_ANALYZER_NUMBER_OBJECT_CONVERSION = YES_AGGRESSIVE;
				CLANG_CXX_LANGUAGE_STANDARD = "gnu++14";
				CLANG_CXX_LIBRARY = "libc++";
				CLANG_ENABLE_MODULES = YES;
				CLANG_ENABLE_OBJC_ARC = YES;
				CLANG_ENABLE_OBJC_WEAK = YES;
				CLANG_WARN_BLOCK_CAPTURE_AUTORELEASING = YES;
				CLANG_WARN_BOOL_CONVERSION = YES;
				CLANG_WARN_COMMA = YES;
				CLANG_WARN_CONSTANT_CONVERSION = YES;
				CLANG_WARN_DEPRECATED_OBJC_IMPLEMENTATIONS = YES;
				CLANG_WARN_DIRECT_OBJC_ISA_USAGE = YES_ERROR;
				CLANG_WARN_DOCUMENTATION_COMMENTS = YES;
				CLANG_WARN_EMPTY_BODY = YES;
				CLANG_WARN_ENUM_CONVERSION = YES;
				CLANG_WARN_INFINITE_RECURSION = YES;
				CLANG_WARN_INT_CONVERSION = YES;
				CLANG_WARN_NON_LITERAL_NULL_CONVERSION = YES;
				CLANG_WARN_OBJC_IMPLICIT_RETAIN_SELF = YES;
				CLANG_WARN_OBJC_LITERAL_CONVERSION = YES;
				CLANG_WARN_OBJC_ROOT_CLASS = YES_ERROR;
				CLANG_WARN_RANGE_LOOP_ANALYSIS = YES;
				CLANG_WARN_STRICT_PROTOTYPES = YES;
				CLANG_WARN_SUSPICIOUS_MOVE = YES;
				CLANG_WARN_UNGUARDED_AVAILABILITY = YES_AGGRESSIVE;
				CLANG_WARN_UNREACHABLE_CODE = YES;
				CLANG_WARN__DUPLICATE_METHOD_MATCH = YES;
				CODE_SIGN_IDENTITY = "iPhone Developer";
				COPY_PHASE_STRIP = NO;
				DEBUG_INFORMATION_FORMAT = dwarf;
				ENABLE_STRICT_OBJC_MSGSEND = YES;
				ENABLE_TESTABILITY = YES;
				GCC_C_LANGUAGE_STANDARD = gnu11;
				GCC_DYNAMIC_NO_PIC = NO;
				GCC_NO_COMMON_BLOCKS = YES;
				GCC_OPTIMIZATION_LEVEL = 0;
				GCC_PREPROCESSOR_DEFINITIONS = (
					"DEBUG=1",
					"$(inherited)",
				);
				GCC_WARN_64_TO_32_BIT_CONVERSION = YES;
				GCC_WARN_ABOUT_RETURN_TYPE = YES_ERROR;
				GCC_WARN_UNDECLARED_SELECTOR = YES;
				GCC_WARN_UNINITIALIZED_AUTOS = YES_AGGRESSIVE;
				GCC_WARN_UNUSED_FUNCTION = YES;
				GCC_WARN_UNUSED_VARIABLE = YES;
				IPHONEOS_DEPLOYMENT_TARGET = 11.3;
				MTL_ENABLE_DEBUG_INFO = YES;
				ONLY_ACTIVE_ARCH = YES;
				SDKROOT = iphoneos;
				SWIFT_ACTIVE_COMPILATION_CONDITIONS = DEBUG;
				SWIFT_OPTIMIZATION_LEVEL = "-Onone";
			};
			name = Debug;
		};
		25D653822183DB130095665A /* Release */ = {
			isa = XCBuildConfiguration;
			buildSettings = {
				ALWAYS_SEARCH_USER_PATHS = NO;
				CLANG_ANALYZER_NONNULL = YES;
				CLANG_ANALYZER_NUMBER_OBJECT_CONVERSION = YES_AGGRESSIVE;
				CLANG_CXX_LANGUAGE_STANDARD = "gnu++14";
				CLANG_CXX_LIBRARY = "libc++";
				CLANG_ENABLE_MODULES = YES;
				CLANG_ENABLE_OBJC_ARC = YES;
				CLANG_ENABLE_OBJC_WEAK = YES;
				CLANG_WARN_BLOCK_CAPTURE_AUTORELEASING = YES;
				CLANG_WARN_BOOL_CONVERSION = YES;
				CLANG_WARN_COMMA = YES;
				CLANG_WARN_CONSTANT_CONVERSION = YES;
				CLANG_WARN_DEPRECATED_OBJC_IMPLEMENTATIONS = YES;
				CLANG_WARN_DIRECT_OBJC_ISA_USAGE = YES_ERROR;
				CLANG_WARN_DOCUMENTATION_COMMENTS = YES;
				CLANG_WARN_EMPTY_BODY = YES;
				CLANG_WARN_ENUM_CONVERSION = YES;
				CLANG_WARN_INFINITE_RECURSION = YES;
				CLANG_WARN_INT_CONVERSION = YES;
				CLANG_WARN_NON_LITERAL_NULL_CONVERSION = YES;
				CLANG_WARN_OBJC_IMPLICIT_RETAIN_SELF = YES;
				CLANG_WARN_OBJC_LITERAL_CONVERSION = YES;
				CLANG_WARN_OBJC_ROOT_CLASS = YES_ERROR;
				CLANG_WARN_RANGE_LOOP_ANALYSIS = YES;
				CLANG_WARN_STRICT_PROTOTYPES = YES;
				CLANG_WARN_SUSPICIOUS_MOVE = YES;
				CLANG_WARN_UNGUARDED_AVAILABILITY = YES_AGGRESSIVE;
				CLANG_WARN_UNREACHABLE_CODE = YES;
				CLANG_WARN__DUPLICATE_METHOD_MATCH = YES;
				CODE_SIGN_IDENTITY = "iPhone Developer";
				COPY_PHASE_STRIP = NO;
				DEBUG_INFORMATION_FORMAT = "dwarf-with-dsym";
				ENABLE_NS_ASSERTIONS = NO;
				ENABLE_STRICT_OBJC_MSGSEND = YES;
				GCC_C_LANGUAGE_STANDARD = gnu11;
				GCC_NO_COMMON_BLOCKS = YES;
				GCC_WARN_64_TO_32_BIT_CONVERSION = YES;
				GCC_WARN_ABOUT_RETURN_TYPE = YES_ERROR;
				GCC_WARN_UNDECLARED_SELECTOR = YES;
				GCC_WARN_UNINITIALIZED_AUTOS = YES_AGGRESSIVE;
				GCC_WARN_UNUSED_FUNCTION = YES;
				GCC_WARN_UNUSED_VARIABLE = YES;
				IPHONEOS_DEPLOYMENT_TARGET = 11.3;
				MTL_ENABLE_DEBUG_INFO = NO;
				SDKROOT = iphoneos;
				SWIFT_COMPILATION_MODE = wholemodule;
				SWIFT_OPTIMIZATION_LEVEL = "-O";
				VALIDATE_PRODUCT = YES;
			};
			name = Release;
		};
		25D653842183DB130095665A /* Debug */ = {
			isa = XCBuildConfiguration;
			baseConfigurationReference = 36BB39D16D022B975A6964FA /* Pods-Pokedex.debug.xcconfig */;
			buildSettings = {
				ASSETCATALOG_COMPILER_APPICON_NAME = AppIcon;
				CODE_SIGN_STYLE = Automatic;
				DEVELOPMENT_TEAM = YZ6HPYB3E9;
				INFOPLIST_FILE = Pokedex/Info.plist;
				LD_RUNPATH_SEARCH_PATHS = (
					"$(inherited)",
					"@executable_path/Frameworks",
				);
				PRODUCT_BUNDLE_IDENTIFIER = com.finecraftedapps.Pokedex;
				PRODUCT_NAME = "$(TARGET_NAME)";
				SWIFT_VERSION = 4.0;
				TARGETED_DEVICE_FAMILY = "1,2";
			};
			name = Debug;
		};
		25D653852183DB130095665A /* Release */ = {
			isa = XCBuildConfiguration;
			baseConfigurationReference = 8C09988CE3170B0D11B41855 /* Pods-Pokedex.release.xcconfig */;
			buildSettings = {
				ASSETCATALOG_COMPILER_APPICON_NAME = AppIcon;
				CODE_SIGN_STYLE = Automatic;
				DEVELOPMENT_TEAM = YZ6HPYB3E9;
				INFOPLIST_FILE = Pokedex/Info.plist;
				LD_RUNPATH_SEARCH_PATHS = (
					"$(inherited)",
					"@executable_path/Frameworks",
				);
				PRODUCT_BUNDLE_IDENTIFIER = com.finecraftedapps.Pokedex;
				PRODUCT_NAME = "$(TARGET_NAME)";
				SWIFT_VERSION = 4.0;
				TARGETED_DEVICE_FAMILY = "1,2";
			};
			name = Release;
		};
/* End XCBuildConfiguration section */

/* Begin XCConfigurationList section */
		25D6536C2183DB110095665A /* Build configuration list for PBXProject "Pokedex" */ = {
			isa = XCConfigurationList;
			buildConfigurations = (
				25D653812183DB130095665A /* Debug */,
				25D653822183DB130095665A /* Release */,
			);
			defaultConfigurationIsVisible = 0;
			defaultConfigurationName = Release;
		};
		25D653832183DB130095665A /* Build configuration list for PBXNativeTarget "Pokedex" */ = {
			isa = XCConfigurationList;
			buildConfigurations = (
				25D653842183DB130095665A /* Debug */,
				25D653852183DB130095665A /* Release */,
			);
			defaultConfigurationIsVisible = 0;
			defaultConfigurationName = Release;
		};
/* End XCConfigurationList section */
	};
	rootObject = 25D653692183DB110095665A /* Project object */;
}
